// !$*UTF8*$!
{
	archiveVersion = 1;
	classes = {
	};
	objectVersion = 46;
	objects = {

/* Begin PBXBuildFile section */
		033EB2911F18833B009098F6 /* AppDelegate.swift in Sources */ = {isa = PBXBuildFile; fileRef = 033EB2901F18833B009098F6 /* AppDelegate.swift */; };
		033EB2931F18833B009098F6 /* ViewController.swift in Sources */ = {isa = PBXBuildFile; fileRef = 033EB2921F18833B009098F6 /* ViewController.swift */; };
		033EB2961F18833B009098F6 /* Main.storyboard in Resources */ = {isa = PBXBuildFile; fileRef = 033EB2941F18833B009098F6 /* Main.storyboard */; };
		033EB2981F18833B009098F6 /* Assets.xcassets in Resources */ = {isa = PBXBuildFile; fileRef = 033EB2971F18833B009098F6 /* Assets.xcassets */; };
		033EB29B1F18833B009098F6 /* LaunchScreen.storyboard in Resources */ = {isa = PBXBuildFile; fileRef = 033EB2991F18833B009098F6 /* LaunchScreen.storyboard */; };
		0376AB4B1F1CBD4F001201AB /* LibJabraSwiftBindings.framework in Frameworks */ = {isa = PBXBuildFile; fileRef = 0376AB4A1F1CBD4F001201AB /* LibJabraSwiftBindings.framework */; };
		093988E3A5B25EBBD1CF26D6 /* Pods_TestGitPod.framework in Frameworks */ = {isa = PBXBuildFile; fileRef = 3D269BAFA87FE4D5CBE42AD9 /* Pods_TestGitPod.framework */; };
/* End PBXBuildFile section */

/* Begin PBXFileReference section */
		033EB28D1F18833B009098F6 /* TestGitPod.app */ = {isa = PBXFileReference; explicitFileType = wrapper.application; includeInIndex = 0; path = TestGitPod.app; sourceTree = BUILT_PRODUCTS_DIR; };
		033EB2901F18833B009098F6 /* AppDelegate.swift */ = {isa = PBXFileReference; lastKnownFileType = sourcecode.swift; path = AppDelegate.swift; sourceTree = "<group>"; };
		033EB2921F18833B009098F6 /* ViewController.swift */ = {isa = PBXFileReference; lastKnownFileType = sourcecode.swift; path = ViewController.swift; sourceTree = "<group>"; };
		033EB2951F18833B009098F6 /* Base */ = {isa = PBXFileReference; lastKnownFileType = file.storyboard; name = Base; path = Base.lproj/Main.storyboard; sourceTree = "<group>"; };
		033EB2971F18833B009098F6 /* Assets.xcassets */ = {isa = PBXFileReference; lastKnownFileType = folder.assetcatalog; path = Assets.xcassets; sourceTree = "<group>"; };
		033EB29A1F18833B009098F6 /* Base */ = {isa = PBXFileReference; lastKnownFileType = file.storyboard; name = Base; path = Base.lproj/LaunchScreen.storyboard; sourceTree = "<group>"; };
		033EB29C1F18833B009098F6 /* Info.plist */ = {isa = PBXFileReference; lastKnownFileType = text.plist.xml; path = Info.plist; sourceTree = "<group>"; };
		0376AB4A1F1CBD4F001201AB /* LibJabraSwiftBindings.framework */ = {isa = PBXFileReference; lastKnownFileType = wrapper.framework; name = LibJabraSwiftBindings.framework; path = "build/Debug-iphoneos/LibJabraSwiftBindings/LibJabraSwiftBindings.framework"; sourceTree = "<group>"; };
		132FE8C36ED9DBCE2EFAB6FD /* Pods-TestGitPod.debug.xcconfig */ = {isa = PBXFileReference; includeInIndex = 1; lastKnownFileType = text.xcconfig; name = "Pods-TestGitPod.debug.xcconfig"; path = "Pods/Target Support Files/Pods-TestGitPod/Pods-TestGitPod.debug.xcconfig"; sourceTree = "<group>"; };
		3D269BAFA87FE4D5CBE42AD9 /* Pods_TestGitPod.framework */ = {isa = PBXFileReference; explicitFileType = wrapper.framework; includeInIndex = 0; path = Pods_TestGitPod.framework; sourceTree = BUILT_PRODUCTS_DIR; };
		8DBDB68BD44693423C650F44 /* Pods-TestGitPod.release.xcconfig */ = {isa = PBXFileReference; includeInIndex = 1; lastKnownFileType = text.xcconfig; name = "Pods-TestGitPod.release.xcconfig"; path = "Pods/Target Support Files/Pods-TestGitPod/Pods-TestGitPod.release.xcconfig"; sourceTree = "<group>"; };
/* End PBXFileReference section */

/* Begin PBXFrameworksBuildPhase section */
		033EB28A1F18833B009098F6 /* Frameworks */ = {
			isa = PBXFrameworksBuildPhase;
			buildActionMask = 2147483647;
			files = (
				0376AB4B1F1CBD4F001201AB /* LibJabraSwiftBindings.framework in Frameworks */,
				093988E3A5B25EBBD1CF26D6 /* Pods_TestGitPod.framework in Frameworks */,
			);
			runOnlyForDeploymentPostprocessing = 0;
		};
/* End PBXFrameworksBuildPhase section */

/* Begin PBXGroup section */
		033EB2841F18833B009098F6 = {
			isa = PBXGroup;
			children = (
				033EB28F1F18833B009098F6 /* TestGitPod */,
				033EB28E1F18833B009098F6 /* Products */,
				F460C0D71BEA5728A48C4812 /* Pods */,
				D84BE0C406EEE8481B39AD52 /* Frameworks */,
			);
			sourceTree = "<group>";
		};
		033EB28E1F18833B009098F6 /* Products */ = {
			isa = PBXGroup;
			children = (
				033EB28D1F18833B009098F6 /* TestGitPod.app */,
			);
			name = Products;
			sourceTree = "<group>";
		};
		033EB28F1F18833B009098F6 /* TestGitPod */ = {
			isa = PBXGroup;
			children = (
				033EB2901F18833B009098F6 /* AppDelegate.swift */,
				033EB2921F18833B009098F6 /* ViewController.swift */,
				033EB2941F18833B009098F6 /* Main.storyboard */,
				033EB2971F18833B009098F6 /* Assets.xcassets */,
				033EB2991F18833B009098F6 /* LaunchScreen.storyboard */,
				033EB29C1F18833B009098F6 /* Info.plist */,
			);
			path = TestGitPod;
			sourceTree = "<group>";
		};
		D84BE0C406EEE8481B39AD52 /* Frameworks */ = {
			isa = PBXGroup;
			children = (
				0376AB4A1F1CBD4F001201AB /* LibJabraSwiftBindings.framework */,
				3D269BAFA87FE4D5CBE42AD9 /* Pods_TestGitPod.framework */,
			);
			name = Frameworks;
			sourceTree = "<group>";
		};
		F460C0D71BEA5728A48C4812 /* Pods */ = {
			isa = PBXGroup;
			children = (
				132FE8C36ED9DBCE2EFAB6FD /* Pods-TestGitPod.debug.xcconfig */,
				8DBDB68BD44693423C650F44 /* Pods-TestGitPod.release.xcconfig */,
			);
			name = Pods;
			sourceTree = "<group>";
		};
/* End PBXGroup section */

/* Begin PBXNativeTarget section */
		033EB28C1F18833B009098F6 /* TestGitPod */ = {
			isa = PBXNativeTarget;
			buildConfigurationList = 033EB29F1F18833B009098F6 /* Build configuration list for PBXNativeTarget "TestGitPod" */;
			buildPhases = (
				014C9195322C2646CB2C1885 /* [CP] Check Pods Manifest.lock */,
				033EB2891F18833B009098F6 /* Sources */,
				033EB28A1F18833B009098F6 /* Frameworks */,
				033EB28B1F18833B009098F6 /* Resources */,
				F4E9839DBD1B4B89B9D297E2 /* [CP] Embed Pods Frameworks */,
				875E56AA7CD6A3526999F22C /* [CP] Copy Pods Resources */,
			);
			buildRules = (
			);
			dependencies = (
			);
			name = TestGitPod;
			productName = TestGitPod;
			productReference = 033EB28D1F18833B009098F6 /* TestGitPod.app */;
			productType = "com.apple.product-type.application";
		};
/* End PBXNativeTarget section */

/* Begin PBXProject section */
		033EB2851F18833B009098F6 /* Project object */ = {
			isa = PBXProject;
			attributes = {
				LastSwiftUpdateCheck = 0830;
				LastUpgradeCheck = 0830;
				ORGANIZATIONNAME = Jabra;
				TargetAttributes = {
					033EB28C1F18833B009098F6 = {
						CreatedOnToolsVersion = 8.3.2;
						DevelopmentTeam = T939DEWMB4;
						ProvisioningStyle = Automatic;
					};
				};
			};
			buildConfigurationList = 033EB2881F18833B009098F6 /* Build configuration list for PBXProject "TestGitPod" */;
			compatibilityVersion = "Xcode 3.2";
			developmentRegion = English;
			hasScannedForEncodings = 0;
			knownRegions = (
				en,
				Base,
			);
			mainGroup = 033EB2841F18833B009098F6;
			productRefGroup = 033EB28E1F18833B009098F6 /* Products */;
			projectDirPath = "";
			projectRoot = "";
			targets = (
				033EB28C1F18833B009098F6 /* TestGitPod */,
			);
		};
/* End PBXProject section */

/* Begin PBXResourcesBuildPhase section */
		033EB28B1F18833B009098F6 /* Resources */ = {
			isa = PBXResourcesBuildPhase;
			buildActionMask = 2147483647;
			files = (
				033EB29B1F18833B009098F6 /* LaunchScreen.storyboard in Resources */,
				033EB2981F18833B009098F6 /* Assets.xcassets in Resources */,
				033EB2961F18833B009098F6 /* Main.storyboard in Resources */,
			);
			runOnlyForDeploymentPostprocessing = 0;
		};
/* End PBXResourcesBuildPhase section */

/* Begin PBXShellScriptBuildPhase section */
		014C9195322C2646CB2C1885 /* [CP] Check Pods Manifest.lock */ = {
			isa = PBXShellScriptBuildPhase;
			buildActionMask = 2147483647;
			files = (
			);
			inputPaths = (
			);
			name = "[CP] Check Pods Manifest.lock";
			outputPaths = (
			);
			runOnlyForDeploymentPostprocessing = 0;
			shellPath = /bin/sh;
			shellScript = "diff \"${PODS_PODFILE_DIR_PATH}/Podfile.lock\" \"${PODS_ROOT}/Manifest.lock\" > /dev/null\nif [ $? != 0 ] ; then\n    # print error to STDERR\n    echo \"error: The sandbox is not in sync with the Podfile.lock. Run 'pod install' or update your CocoaPods installation.\" >&2\n    exit 1\nfi\n";
			showEnvVarsInLog = 0;
		};
		875E56AA7CD6A3526999F22C /* [CP] Copy Pods Resources */ = {
			isa = PBXShellScriptBuildPhase;
			buildActionMask = 2147483647;
			files = (
			);
			inputPaths = (
			);
			name = "[CP] Copy Pods Resources";
			outputPaths = (
			);
			runOnlyForDeploymentPostprocessing = 0;
			shellPath = /bin/sh;
			shellScript = "\"${SRCROOT}/Pods/Target Support Files/Pods-TestGitPod/Pods-TestGitPod-resources.sh\"\n";
			showEnvVarsInLog = 0;
		};
		F4E9839DBD1B4B89B9D297E2 /* [CP] Embed Pods Frameworks */ = {
			isa = PBXShellScriptBuildPhase;
			buildActionMask = 2147483647;
			files = (
			);
			inputPaths = (
			);
			name = "[CP] Embed Pods Frameworks";
			outputPaths = (
			);
			runOnlyForDeploymentPostprocessing = 0;
			shellPath = /bin/sh;
			shellScript = "\"${SRCROOT}/Pods/Target Support Files/Pods-TestGitPod/Pods-TestGitPod-frameworks.sh\"\n";
			showEnvVarsInLog = 0;
		};
/* End PBXShellScriptBuildPhase section */

/* Begin PBXSourcesBuildPhase section */
		033EB2891F18833B009098F6 /* Sources */ = {
			isa = PBXSourcesBuildPhase;
			buildActionMask = 2147483647;
			files = (
				033EB2931F18833B009098F6 /* ViewController.swift in Sources */,
				033EB2911F18833B009098F6 /* AppDelegate.swift in Sources */,
			);
			runOnlyForDeploymentPostprocessing = 0;
		};
/* End PBXSourcesBuildPhase section */

/* Begin PBXVariantGroup section */
		033EB2941F18833B009098F6 /* Main.storyboard */ = {
			isa = PBXVariantGroup;
			children = (
				033EB2951F18833B009098F6 /* Base */,
			);
			name = Main.storyboard;
			sourceTree = "<group>";
		};
		033EB2991F18833B009098F6 /* LaunchScreen.storyboard */ = {
			isa = PBXVariantGroup;
			children = (
				033EB29A1F18833B009098F6 /* Base */,
			);
			name = LaunchScreen.storyboard;
			sourceTree = "<group>";
		};
/* End PBXVariantGroup section */

/* Begin XCBuildConfiguration section */
		033EB29D1F18833B009098F6 /* Debug */ = {
			isa = XCBuildConfiguration;
			buildSettings = {
				ALWAYS_SEARCH_USER_PATHS = NO;
				CLANG_ANALYZER_NONNULL = YES;
				CLANG_ANALYZER_NUMBER_OBJECT_CONVERSION = YES_AGGRESSIVE;
				CLANG_CXX_LANGUAGE_STANDARD = "gnu++0x";
				CLANG_CXX_LIBRARY = "libc++";
				CLANG_ENABLE_MODULES = YES;
				CLANG_ENABLE_OBJC_ARC = YES;
				CLANG_WARN_BOOL_CONVERSION = YES;
				CLANG_WARN_CONSTANT_CONVERSION = YES;
				CLANG_WARN_DIRECT_OBJC_ISA_USAGE = YES_ERROR;
				CLANG_WARN_DOCUMENTATION_COMMENTS = YES;
				CLANG_WARN_EMPTY_BODY = YES;
				CLANG_WARN_ENUM_CONVERSION = YES;
				CLANG_WARN_INFINITE_RECURSION = YES;
				CLANG_WARN_INT_CONVERSION = YES;
				CLANG_WARN_OBJC_ROOT_CLASS = YES_ERROR;
				CLANG_WARN_SUSPICIOUS_MOVE = YES;
				CLANG_WARN_UNREACHABLE_CODE = YES;
				CLANG_WARN__DUPLICATE_METHOD_MATCH = YES;
				"CODE_SIGN_IDENTITY[sdk=iphoneos*]" = "iPhone Developer";
				COPY_PHASE_STRIP = NO;
				DEBUG_INFORMATION_FORMAT = dwarf;
				ENABLE_STRICT_OBJC_MSGSEND = YES;
				ENABLE_TESTABILITY = YES;
				GCC_C_LANGUAGE_STANDARD = gnu99;
				GCC_DYNAMIC_NO_PIC = NO;
				GCC_NO_COMMON_BLOCKS = YES;
				GCC_OPTIMIZATION_LEVEL = 0;
				GCC_PREPROCESSOR_DEFINITIONS = (
					"DEBUG=1",
					"$(inherited)",
				);
				GCC_WARN_64_TO_32_BIT_CONVERSION = YES;
				GCC_WARN_ABOUT_RETURN_TYPE = YES_ERROR;
				GCC_WARN_UNDECLARED_SELECTOR = YES;
				GCC_WARN_UNINITIALIZED_AUTOS = YES_AGGRESSIVE;
				GCC_WARN_UNUSED_FUNCTION = YES;
				GCC_WARN_UNUSED_VARIABLE = YES;
				IPHONEOS_DEPLOYMENT_TARGET = 10.3;
				MTL_ENABLE_DEBUG_INFO = YES;
				ONLY_ACTIVE_ARCH = YES;
				SDKROOT = iphoneos;
				SWIFT_ACTIVE_COMPILATION_CONDITIONS = DEBUG;
				SWIFT_OPTIMIZATION_LEVEL = "-Onone";
			};
			name = Debug;
		};
		033EB29E1F18833B009098F6 /* Release */ = {
			isa = XCBuildConfiguration;
			buildSettings = {
				ALWAYS_SEARCH_USER_PATHS = NO;
				CLANG_ANALYZER_NONNULL = YES;
				CLANG_ANALYZER_NUMBER_OBJECT_CONVERSION = YES_AGGRESSIVE;
				CLANG_CXX_LANGUAGE_STANDARD = "gnu++0x";
				CLANG_CXX_LIBRARY = "libc++";
				CLANG_ENABLE_MODULES = YES;
				CLANG_ENABLE_OBJC_ARC = YES;
				CLANG_WARN_BOOL_CONVERSION = YES;
				CLANG_WARN_CONSTANT_CONVERSION = YES;
				CLANG_WARN_DIRECT_OBJC_ISA_USAGE = YES_ERROR;
				CLANG_WARN_DOCUMENTATION_COMMENTS = YES;
				CLANG_WARN_EMPTY_BODY = YES;
				CLANG_WARN_ENUM_CONVERSION = YES;
				CLANG_WARN_INFINITE_RECURSION = YES;
				CLANG_WARN_INT_CONVERSION = YES;
				CLANG_WARN_OBJC_ROOT_CLASS = YES_ERROR;
				CLANG_WARN_SUSPICIOUS_MOVE = YES;
				CLANG_WARN_UNREACHABLE_CODE = YES;
				CLANG_WARN__DUPLICATE_METHOD_MATCH = YES;
				"CODE_SIGN_IDENTITY[sdk=iphoneos*]" = "iPhone Developer";
				COPY_PHASE_STRIP = NO;
				DEBUG_INFORMATION_FORMAT = "dwarf-with-dsym";
				ENABLE_NS_ASSERTIONS = NO;
				ENABLE_STRICT_OBJC_MSGSEND = YES;
				GCC_C_LANGUAGE_STANDARD = gnu99;
				GCC_NO_COMMON_BLOCKS = YES;
				GCC_WARN_64_TO_32_BIT_CONVERSION = YES;
				GCC_WARN_ABOUT_RETURN_TYPE = YES_ERROR;
				GCC_WARN_UNDECLARED_SELECTOR = YES;
				GCC_WARN_UNINITIALIZED_AUTOS = YES_AGGRESSIVE;
				GCC_WARN_UNUSED_FUNCTION = YES;
				GCC_WARN_UNUSED_VARIABLE = YES;
				IPHONEOS_DEPLOYMENT_TARGET = 10.3;
				MTL_ENABLE_DEBUG_INFO = NO;
				SDKROOT = iphoneos;
				SWIFT_OPTIMIZATION_LEVEL = "-Owholemodule";
				VALIDATE_PRODUCT = YES;
			};
			name = Release;
		};
		033EB2A01F18833B009098F6 /* Debug */ = {
			isa = XCBuildConfiguration;
			baseConfigurationReference = 132FE8C36ED9DBCE2EFAB6FD /* Pods-TestGitPod.debug.xcconfig */;
			buildSettings = {
				ASSETCATALOG_COMPILER_APPICON_NAME = AppIcon;
				DEVELOPMENT_TEAM = T939DEWMB4;
				FRAMEWORK_SEARCH_PATHS = (
					"$(inherited)",
					"$(PROJECT_DIR)/build/Debug-iphoneos/LibJabraSwiftBindings",
				);
				INFOPLIST_FILE = TestGitPod/Info.plist;
				IPHONEOS_DEPLOYMENT_TARGET = 9.1;
				LD_RUNPATH_SEARCH_PATHS = "$(inherited) @executable_path/Frameworks";
				PRODUCT_BUNDLE_IDENTIFIER = com.jabra.TestGitPod;
				PRODUCT_NAME = "$(TARGET_NAME)";
				SWIFT_VERSION = 3.0;
			};
			name = Debug;
		};
		033EB2A11F18833B009098F6 /* Release */ = {
			isa = XCBuildConfiguration;
			baseConfigurationReference = 8DBDB68BD44693423C650F44 /* Pods-TestGitPod.release.xcconfig */;
			buildSettings = {
				ASSETCATALOG_COMPILER_APPICON_NAME = AppIcon;
				DEVELOPMENT_TEAM = T939DEWMB4;
				FRAMEWORK_SEARCH_PATHS = (
					"$(inherited)",
					"$(PROJECT_DIR)/build/Debug-iphoneos/LibJabraSwiftBindings",
				);
				INFOPLIST_FILE = TestGitPod/Info.plist;
				IPHONEOS_DEPLOYMENT_TARGET = 9.1;
				LD_RUNPATH_SEARCH_PATHS = "$(inherited) @executable_path/Frameworks";
				PRODUCT_BUNDLE_IDENTIFIER = com.jabra.TestGitPod;
				PRODUCT_NAME = "$(TARGET_NAME)";
				SWIFT_VERSION = 3.0;
			};
			name = Release;
		};
/* End XCBuildConfiguration section */

/* Begin XCConfigurationList section */
		033EB2881F18833B009098F6 /* Build configuration list for PBXProject "TestGitPod" */ = {
			isa = XCConfigurationList;
			buildConfigurations = (
				033EB29D1F18833B009098F6 /* Debug */,
				033EB29E1F18833B009098F6 /* Release */,
			);
			defaultConfigurationIsVisible = 0;
			defaultConfigurationName = Release;
		};
		033EB29F1F18833B009098F6 /* Build configuration list for PBXNativeTarget "TestGitPod" */ = {
			isa = XCConfigurationList;
			buildConfigurations = (
				033EB2A01F18833B009098F6 /* Debug */,
				033EB2A11F18833B009098F6 /* Release */,
			);
			defaultConfigurationIsVisible = 0;
			defaultConfigurationName = Release;
		};
/* End XCConfigurationList section */
	};
	rootObject = 033EB2851F18833B009098F6 /* Project object */;
}
